{
  "name": "write-pretty-file",
  "version": "0.0.0",
  "lockfileVersion": 3,
  "requires": true,
  "packages": {
    "": {
      "name": "write-pretty-file",
      "version": "0.0.0",
      "license": "MIT",
      "bin": {
        "write-pretty-file": "dist/index.js"
      },
      "devDependencies": {
        "prettier": "3.0.3",
        "prettier-config-one": "0.2.0",
        "tsconfig-one": "0.0.8",
        "typescript": "5.2.2"
      },
      "engines": {
        "node": ">=20"
      }
    },
    "node_modules/prettier": {
      "version": "3.0.3",
      "resolved": "https://registry.npmjs.org/prettier/-/prettier-3.0.3.tgz",
      "integrity": "sha512-L/4pUDMxcNa8R/EthV08Zt42WBO4h1rarVtK0K+QJG0X187OLo7l699jWw0GKuwzkPQ//jMFA/8Xm6Fh3J/DAg==",
      "dev": true,
      "bin": {
        "prettier": "bin/prettier.cjs"
      },
      "engines": {
        "node": ">=14"
      },
      "funding": {
        "url": "https://github.com/prettier/prettier?sponsor=1"
      }
    },
    "node_modules/prettier-config-one": {
      "version": "0.2.0",
      "resolved": "https://registry.npmjs.org/prettier-config-one/-/prettier-config-one-0.2.0.tgz",
      "integrity": "sha512-1WPWugXmmAqIrn/YR01vnm8ujfA1Xw47KRyIwyTzBT5TQ9uC4m68zIukFjVbwgOE5J72/no7g19TqCUgjmSnUA==",
      "dev": true,
      "engines": {
        "node": ">=20"
      },
      "peerDependencies": {
        "prettier": "3.x"
      }
    },
    "node_modules/tsconfig-one": {
      "version": "0.0.8",
      "resolved": "https://registry.npmjs.org/tsconfig-one/-/tsconfig-one-0.0.8.tgz",
      "integrity": "sha512-/z+TmEWAejNGzU/DNgPNJSotv3UbkC8g8auWfCShQdDp8ZI9EoNtvIjPa00xgw5zKf9cBSWefk7+MnYDJeuiLw==",
      "dev": true,
      "engines": {
        "node": ">=20"
      },
      "peerDependencies": {
        "typescript": "5.x"
      }
    },
    "node_modules/typescript": {
      "version": "5.2.2",
      "resolved": "https://registry.npmjs.org/typescript/-/typescript-5.2.2.tgz",
      "integrity": "sha512-mI4WrpHsbCIcwT9cF4FZvr80QUeKvsUsUvKDoR+X/7XHQH98xYD8YHZg7ANtz2GtZt/CBq2QJ0thkGJMHfqc1w==",
      "dev": true,
      "bin": {
        "tsc": "bin/tsc",
        "tsserver": "bin/tsserver"
      },
      "engines": {
        "node": ">=14.17"
      }
    }
  }
}
